# THIS IS AN AUTOGENERATED FILE. DO NOT EDIT THIS FILE DIRECTLY.
# yarn lockfile v1


just-extend@^1.1.22:
  version "1.1.22"
  resolved "https://registry.yarnpkg.com/just-extend/-/just-extend-1.1.22.tgz#3330af756cab6a542700c64b2e4e4aa062d52fff"

just-kebab-case@^1.0.0:
  version "1.0.0"
  resolved "https://registry.yarnpkg.com/just-kebab-case/-/just-kebab-case-1.0.0.tgz#b1cf0415ca20efddca120c2aa3773f4e16565a36"

regex-emoji@^2.0.5:
  version "2.0.5"
  resolved "https://registry.yarnpkg.com/regex-emoji/-/regex-emoji-2.0.5.tgz#ac746546af5d7bca3c4b06883c85de3f968dd588"
